<?xml version="1.0" encoding="utf-8"?>
<Project ToolsVersion="4.0" xmlns="http://schemas.microsoft.com/developer/msbuild/2003">
  <ItemGroup>
    <Filter Include="头文件">
      <UniqueIdentifier>{93995380-89BD-4b04-88EB-625FBE52EBFB}</UniqueIdentifier>
      <Extensions>h;hh;hpp;hxx;hm;inl;inc;xsd</Extensions>
    </Filter>
    <Filter Include="资源文件">
      <UniqueIdentifier>{67DA6AB6-F800-4c08-8B7A-83BB121AAD01}</UniqueIdentifier>
      <Extensions>rc;ico;cur;bmp;dlg;rc2;rct;bin;rgs;gif;jpg;jpeg;jpe;resx;tiff;tif;png;wav;mfcribbon-ms</Extensions>
    </Filter>
    <Filter Include="cuda">
      <UniqueIdentifier>{ae78b515-32c0-4ad9-9424-fcb35475fbe4}</UniqueIdentifier>
    </Filter>
    <Filter Include="源文件">
      <UniqueIdentifier>{4FC737F1-C7A5-4376-A066-2A32D752A2FF}</UniqueIdentifier>
      <Extensions>cpp;c;cc;cxx;def;odl;idl;hpj;bat;asm;asmx</Extensions>
    </Filter>
  </ItemGroup>
  <ItemGroup>
    <ClCompile Include="main.cpp">
      <Filter>源文件</Filter>
    </ClCompile>
    <ClCompile Include="..\src\basic\command_line.cpp">
      <Filter>源文件</Filter>
    </ClCompile>
    <ClCompile Include="..\src\basic\stop_watch.cpp">
      <Filter>源文件</Filter>
    </ClCompile>
    <ClCompile Include="..\src\basic\line_stream.cpp">
      <Filter>源文件</Filter>
    </ClCompile>
    <ClCompile Include="..\src\mesh\mesh_io.cpp">
      <Filter>源文件</Filter>
    </ClCompile>
    <ClCompile Include="..\src\mesh\mesh_nn.cpp">
      <Filter>源文件</Filter>
    </ClCompile>
    <ClCompile Include="..\src\mesh\mesh.cpp">
      <Filter>源文件</Filter>
    </ClCompile>
  </ItemGroup>
  <ItemGroup>
    <ClInclude Include="..\header\basic\common.h">
      <Filter>头文件</Filter>
    </ClInclude>
    <ClInclude Include="..\header\basic\numeric.h">
      <Filter>头文件</Filter>
    </ClInclude>
    <ClInclude Include="..\header\basic\stop_watch.h">
      <Filter>头文件</Filter>
    </ClInclude>
    <ClInclude Include="..\header\mesh\mesh.h">
      <Filter>头文件</Filter>
    </ClInclude>
    <ClInclude Include="..\header\basic\line_stream.h">
      <Filter>头文件</Filter>
    </ClInclude>
    <ClInclude Include="..\header\mesh\mesh_io.h">
      <Filter>头文件</Filter>
    </ClInclude>
    <ClInclude Include="..\header\basic\string.h">
      <Filter>头文件</Filter>
    </ClInclude>
    <ClInclude Include="..\header\mesh\mesh_nn.h">
      <Filter>头文件</Filter>
    </ClInclude>
    <ClInclude Include="..\header\basic\math_op.h">
      <Filter>头文件</Filter>
    </ClInclude>
    <ClInclude Include="..\header\basic\command_line.h">
      <Filter>头文件</Filter>
    </ClInclude>
    <ClInclude Include="..\header\cuda\cuda_rvd.h">
      <Filter>cuda</Filter>
    </ClInclude>
    <ClInclude Include="..\header\cuda\cuda_common.h">
      <Filter>cuda</Filter>
    </ClInclude>
    <ClInclude Include="..\header\cuda\cuda_stop_watcher.h">
      <Filter>cuda</Filter>
    </ClInclude>
    <ClInclude Include="..\header\cuda\cuda_polygon.h">
      <Filter>cuda</Filter>
    </ClInclude>
    <ClInclude Include="..\header\cuda\cuda_math.h">
      <Filter>cuda</Filter>
    </ClInclude>
    <ClInclude Include="..\header\cuda\cuda_knn.h">
      <Filter>cuda</Filter>
    </ClInclude>
  </ItemGroup>
  <ItemGroup>
    <CudaCompile Include="..\header\cuda\cuda_rvd.cu">
      <Filter>cuda</Filter>
    </CudaCompile>
    <CudaCompile Include="..\header\cuda\cuda_knn.cu">
      <Filter>cuda</Filter>
    </CudaCompile>
  </ItemGroup>
</Project>